{
  "requires": true,
  "lockfileVersion": 1,
  "dependencies": {
    "@codemirror/commands": {
      "version": "6.1.1",
      "resolved": "https://registry.npmjs.org/@codemirror/commands/-/commands-6.1.1.tgz",
      "integrity": "sha512-ibDohwkk7vyu3VsnZNlQhwk0OETBtlkYV+6AHfn5Zgq0sxa+yGVX+apwtC3M4wh6AH7yU5si/NysoECs5EGS3Q==",
      "requires": {
        "@codemirror/language": "^6.0.0",
        "@codemirror/state": "^6.0.0",
        "@codemirror/view": "^6.0.0",
        "@lezer/common": "^1.0.0"
      }
    },
    "@codemirror/language": {
      "version": "6.2.1",
      "resolved": "https://registry.npmjs.org/@codemirror/language/-/language-6.2.1.tgz",
      "integrity": "sha512-MC3svxuvIj0MRpFlGHxLS6vPyIdbTr2KKPEW46kCoCXw2ktb4NTkpkPBI/lSP/FoNXLCBJ0mrnUi1OoZxtpW1Q==",
      "requires": {
        "@codemirror/state": "^6.0.0",
        "@codemirror/view": "^6.0.0",
        "@lezer/common": "^1.0.0",
        "@lezer/highlight": "^1.0.0",
        "@lezer/lr": "^1.0.0",
        "style-mod": "^4.0.0"
      }
    },
    "@codemirror/state": {
      "version": "6.1.2",
      "resolved": "https://registry.npmjs.org/@codemirror/state/-/state-6.1.2.tgz",
      "integrity": "sha512-Mxff85Hp5va+zuj+H748KbubXjrinX/k28lj43H14T2D0+4kuvEFIEIO7hCEcvBT8ubZyIelt9yGOjj2MWOEQA=="
    },
    "@codemirror/view": {
      "version": "6.3.0",
      "resolved": "https://registry.npmjs.org/@codemirror/view/-/view-6.3.0.tgz",
      "integrity": "sha512-jMN9OGKmzRPJ+kksfMrB5e/A9heQncirHsz8XNBpgEbYONCk5tWHMKVWKTNwznkUGD5mnigXI1i5YIcWpscSPg==",
      "requires": {
        "@codemirror/state": "^6.0.0",
        "style-mod": "^4.0.0",
        "w3c-keyname": "^2.2.4"
      }
    },
    "@lezer/common": {
      "version": "1.0.1",
      "resolved": "https://registry.npmjs.org/@lezer/common/-/common-1.0.1.tgz",
      "integrity": "sha512-8TR5++Q/F//tpDsLd5zkrvEX5xxeemafEaek7mUp7Y+bI8cKQXdSqhzTOBaOogETcMOVr0pT3BBPXp13477ciw=="
    },
    "@lezer/highlight": {
      "version": "1.1.1",
      "resolved": "https://registry.npmjs.org/@lezer/highlight/-/highlight-1.1.1.tgz",
      "integrity": "sha512-duv9D23O9ghEDnnUDmxu+L8pJy4nYo4AbCOHIudUhscrLSazqeJeK1V50EU6ZufWF1zv0KJwu/frFRyZWXxHBQ==",
      "requires": {
        "@lezer/common": "^1.0.0"
      }
    },
    "@lezer/lr": {
      "version": "1.2.3",
      "resolved": "https://registry.npmjs.org/@lezer/lr/-/lr-1.2.3.tgz",
      "integrity": "sha512-qpB7rBzH8f6Mzjv2AVZRahcm+2Cf7nbIH++uXbvVOL1yIRvVWQ3HAM/saeBLCyz/togB7LGo76qdJYL1uKQlqA==",
      "requires": {
        "@lezer/common": "^1.0.0"
      }
    },
    "style-mod": {
      "version": "4.0.0",
      "resolved": "https://registry.npmjs.org/style-mod/-/style-mod-4.0.0.tgz",
      "integrity": "sha512-OPhtyEjyyN9x3nhPsu76f52yUGXiZcgvsrFVtvTkyGRQJ0XK+GPc6ov1z+lRpbeabka+MYEQxOYRnt5nF30aMw=="
    },
    "w3c-keyname": {
      "version": "2.2.6",
      "resolved": "https://registry.npmjs.org/w3c-keyname/-/w3c-keyname-2.2.6.tgz",
      "integrity": "sha512-f+fciywl1SJEniZHD6H+kUO8gOnwIr7f4ijKA6+ZvJFjeGi1r4PDLl53Ayud9O/rk64RqgoQine0feoeOU0kXg=="
    }
  }
}
