github.com/1panel-dev/base64Captcha v1.3.8 h1:GbQ2IuGMp4ai4erpwf4BMjm5eLC8Efb+dATVwgpPIII=
github.com/1panel-dev/base64Captcha v1.3.8/go.mod h1:gVpwyGm9+g4rg3pXdYnsFAouP73qMOSBfnT3bxCFzco=
github.com/BurntSushi/toml v1.3.2 h1:o7IhLm0Msx3BaB+n3Ag7L8EVlByGnpq14C4YWiu/gL8=
github.com/BurntSushi/toml v1.3.2/go.mod h1:CxXYINrC8qIiEnFrOxCa7Jy5BFHlXnUU2pbicEuybxQ=
github.com/KyleBanks/depth v1.2.1 h1:5h8fQADFrWtarTdtDudMmGsC7GPbOAu6RVB3ffsVFHc=
github.com/KyleBanks/depth v1.2.1/go.mod h1:jzSb9d0L43HxTQfT+oSA1EEp2q+ne2uh6XgeJcm8brE=
github.com/PuerkitoBio/purell v1.1.1 h1:WEQqlqaGbrPkxLJWfBwQmfEAE1Z7ONdDLqrN38tNFfI=
github.com/PuerkitoBio/purell v1.1.1/go.mod h1:c11w/QuzBsJSee3cPx9rAFu61PvFxuPbtSwDGJws/X0=
github.com/PuerkitoBio/urlesc v0.0.0-20170810143723-de5bf2ad4578 h1:d+Bc7a5rLufV/sSk/8dngufqelfh6jnri85riMAaF/M=
github.com/PuerkitoBio/urlesc v0.0.0-20170810143723-de5bf2ad4578/go.mod h1:uGdkoq3SwY9Y+13GIhn11/XLaGBb4BfwItxLd5jeuXE=
github.com/bytedance/sonic v1.11.6 h1:oUp34TzMlL+OY1OUWxHqsdkgC/Zfc85zGqw9siXjrc0=
github.com/bytedance/sonic v1.11.6/go.mod h1:LysEHSvpvDySVdC2f87zGWf6CIKJcAvqab1ZaiQtds4=
github.com/bytedance/sonic/loader v0.1.1 h1:c+e5Pt1k/cy5wMveRDyk2X4B9hF4g7an8N3zCYjJFNM=
github.com/bytedance/sonic/loader v0.1.1/go.mod h1:ncP89zfokxS5LZrJxl5z0UJcsk4M4yY2JpfqGeCtNLU=
github.com/cloudwego/base64x v0.1.4 h1:jwCgWpFanWmN8xoIUHa2rtzmkd5J2plF/dnLS6Xd/0Y=
github.com/cloudwego/base64x v0.1.4/go.mod h1:0zlkT4Wn5C6NdauXdJRhSKRlJvmclQ1hhJgA0rcu/8w=
github.com/cloudwego/iasm v0.2.0 h1:1KNIy1I1H9hNNFEEH3DVnI4UujN+1zjpuk6gwHLTssg=
github.com/cloudwego/iasm v0.2.0/go.mod h1:8rXZaNYT2n95jn+zTI1sDr+IgcD2GVs0nlbbQPiEFhY=
github.com/cpuguy83/go-md2man/v2 v2.0.4/go.mod h1:tgQtvFlXSQOSOSIRvRPT7W67SCa46tRHOmNcaadrF8o=
github.com/creack/pty v1.1.9/go.mod h1:oKZEueFk5CKHvIhNR5MUki03XCEU+Q6VDXinZuGJ33E=
github.com/creack/pty v1.1.21 h1:1/QdRyBaHHJP61QkWMXlOIBfsgdDeeKfK8SYVUWJKf0=
github.com/creack/pty v1.1.21/go.mod h1:MOBLtS5ELjhRRrroQr9kyvTxUAFNvYEK993ew/Vr4O4=
github.com/davecgh/go-spew v1.1.0/go.mod h1:J7Y8YcW2NihsgmVo/mv3lAwl/skON4iLHjSsI+c5H38=
github.com/davecgh/go-spew v1.1.1/go.mod h1:J7Y8YcW2NihsgmVo/mv3lAwl/skON4iLHjSsI+c5H38=
github.com/davecgh/go-spew v1.1.2-0.20180830191138-d8f796af33cc h1:U9qPSI2PIWSS1VwoXQT9A3Wy9MM3WgvqSxFWenqJduM=
github.com/davecgh/go-spew v1.1.2-0.20180830191138-d8f796af33cc/go.mod h1:J7Y8YcW2NihsgmVo/mv3lAwl/skON4iLHjSsI+c5H38=
github.com/dustin/go-humanize v1.0.1 h1:GzkhY7T5VNhEkwH0PVJgjz+fX1rhBrR7pRT3mDkpeCY=
github.com/dustin/go-humanize v1.0.1/go.mod h1:Mu1zIs6XwVuF/gI1OepvI0qD18qycQx+mFykh5fBlto=
github.com/frankban/quicktest v1.14.6 h1:7Xjx+VpznH+oBnejlPUj8oUpdxnVs4f8XU8WnHkI4W8=
github.com/frankban/quicktest v1.14.6/go.mod h1:4ptaffx2x8+WTWXmUCuVU6aPUX1/Mz7zb5vbUoiM6w0=
github.com/fsnotify/fsnotify v1.7.0 h1:8JEhPFa5W2WU7YfeZzPNqzMP6Lwt7L2715Ggo0nosvA=
github.com/fsnotify/fsnotify v1.7.0/go.mod h1:40Bi/Hjc2AVfZrqy+aj+yEI+/bRxZnMJyTJwOpGvigM=
github.com/fxamacker/cbor/v2 v2.9.0 h1:NpKPmjDBgUfBms6tr6JZkTHtfFGcMKsw3eGcmD/sapM=
github.com/fxamacker/cbor/v2 v2.9.0/go.mod h1:vM4b+DJCtHn+zz7h3FFp/hDAI9WNWCsZj23V5ytsSxQ=
github.com/gabriel-vasile/mimetype v1.4.3 h1:in2uUcidCuFcDKtdcBxlR0rJ1+fsokWf+uqxgUFjbI0=
github.com/gabriel-vasile/mimetype v1.4.3/go.mod h1:d8uq/6HKRL6CGdk+aubisF/M5GcPfT7nKyLpA0lbSSk=
github.com/gin-contrib/gzip v1.0.1 h1:HQ8ENHODeLY7a4g1Au/46Z92bdGFl74OhxcZble9WJE=
github.com/gin-contrib/gzip v1.0.1/go.mod h1:njt428fdUNRvjuJf16tZMYZ2Yl+WQB53X5wmhDwXvC4=
github.com/gin-contrib/sse v0.1.0 h1:Y/yl/+YNO8GZSjAhjMsSuLt29uWRFHdHYUb5lYOV9qE=
github.com/gin-contrib/sse v0.1.0/go.mod h1:RHrZQHXnP2xjPF+u1gW/2HnVO7nvIa9PG3Gm+fLHvGI=
github.com/gin-gonic/gin v1.10.0 h1:nTuyha1TYqgedzytsKYqna+DfLos46nTv2ygFy86HFU=
github.com/gin-gonic/gin v1.10.0/go.mod h1:4PMNQiOhvDRa013RKVbsiNwoyezlm2rm0uX/T7kzp5Y=
github.com/glebarez/go-sqlite v1.22.0 h1:uAcMJhaA6r3LHMTFgP0SifzgXg46yJkgxqyuyec+ruQ=
github.com/glebarez/go-sqlite v1.22.0/go.mod h1:PlBIdHe0+aUEFn+r2/uthrWq4FxbzugL0L8Li6yQJbc=
github.com/glebarez/sqlite v1.11.0 h1:wSG0irqzP6VurnMEpFGer5Li19RpIRi2qvQz++w0GMw=
github.com/glebarez/sqlite v1.11.0/go.mod h1:h8/o8j5wiAsqSPoWELDUdJXhjAhsVliSn7bWZjOhrgQ=
github.com/go-gormigrate/gormigrate/v2 v2.1.2 h1:F/d1hpHbRAvKezziV2CC5KUE82cVe9zTgHSBoOOZ4CY=
github.com/go-gormigrate/gormigrate/v2 v2.1.2/go.mod h1:9nHVX6z3FCMCQPA7PThGcA55t22yKQfK/Dnsf5i7hUo=
github.com/go-openapi/jsonpointer v0.19.3/go.mod h1:Pl9vOtqEWErmShwVjC8pYs9cog34VGT37dQOVbmoatg=
github.com/go-openapi/jsonpointer v0.19.5 h1:gZr+CIYByUqjcgeLXnQu2gHYQC9o73G2XUeOFYEICuY=
github.com/go-openapi/jsonpointer v0.19.5/go.mod h1:Pl9vOtqEWErmShwVjC8pYs9cog34VGT37dQOVbmoatg=
github.com/go-openapi/jsonreference v0.19.6 h1:UBIxjkht+AWIgYzCDSv2GN+E/togfwXUJFRTWhl2Jjs=
github.com/go-openapi/jsonreference v0.19.6/go.mod h1:diGHMEHg2IqXZGKxqyvWdfWU/aim5Dprw5bqpKkTvns=
github.com/go-openapi/spec v0.20.4 h1:O8hJrt0UMnhHcluhIdUgCLRWyM2x7QkBXRvOs7m+O1M=
github.com/go-openapi/spec v0.20.4/go.mod h1:faYFR1CvsJZ0mNsmsphTMSoRrNV3TEDoAM7FOEWeq8I=
github.com/go-openapi/swag v0.19.5/go.mod h1:POnQmlKehdgb5mhVOsnJFsivZCEZ/vjK9gh66Z9tfKk=
github.com/go-openapi/swag v0.19.15 h1:D2NRCBzS9/pEY3gP9Nl8aDqGUcPFrwG2p+CNFrLyrCM=
github.com/go-openapi/swag v0.19.15/go.mod h1:QYRuS/SOXUCsnplDa677K7+DxSOj6IPNl/eQntq43wQ=
github.com/go-playground/assert/v2 v2.2.0 h1:JvknZsQTYeFEAhQwI4qEt9cyV5ONwRHC+lYKSsYSR8s=
github.com/go-playground/assert/v2 v2.2.0/go.mod h1:VDjEfimB/XKnb+ZQfWdccd7VUvScMdVu0Titje2rxJ4=
github.com/go-playground/locales v0.14.1 h1:EWaQ/wswjilfKLTECiXz7Rh+3BjFhfDFKv/oXslEjJA=
github.com/go-playground/locales v0.14.1/go.mod h1:hxrqLVvrK65+Rwrd5Fc6F2O76J/NuW9t0sjnWqG1slY=
github.com/go-playground/universal-translator v0.18.1 h1:Bcnm0ZwsGyWbCzImXv+pAJnYK9S473LQFuzCbDbfSFY=
github.com/go-playground/universal-translator v0.18.1/go.mod h1:xekY+UJKNuX9WP91TpwSH2VMlDf28Uj24BCp08ZFTUY=
github.com/go-playground/validator/v10 v10.22.0 h1:k6HsTZ0sTnROkhS//R0O+55JgM8C4Bx7ia+JlgcnOao=
github.com/go-playground/validator/v10 v10.22.0/go.mod h1:dbuPbCMFw/DrkbEynArYaCwl3amGuJotoKCe95atGMM=
github.com/go-resty/resty/v2 v2.15.3 h1:bqff+hcqAflpiF591hhJzNdkRsFhlB96CYfBwSFvql8=
github.com/go-resty/resty/v2 v2.15.3/go.mod h1:0fHAoK7JoBy/Ch36N8VFeMsK7xQOHhvWaC3iOktwmIU=
github.com/go-viper/mapstructure/v2 v2.4.0 h1:EBsztssimR/CONLSZZ04E8qAkxNYq4Qp9LvH92wZUgs=
github.com/go-viper/mapstructure/v2 v2.4.0/go.mod h1:oJDH3BJKyqBA2TXFhDsKDGDTlndYOZ6rGS0BRZIxGhM=
github.com/go-webauthn/webauthn v0.15.0 h1:LR1vPv62E0/6+sTenX35QrCmpMCzLeVAcnXeH4MrbJY=
github.com/go-webauthn/webauthn v0.15.0/go.mod h1:hcAOhVChPRG7oqG7Xj6XKN1mb+8eXTGP/B7zBLzkX5A=
github.com/go-webauthn/x v0.1.26 h1:eNzreFKnwNLDFoywGh9FA8YOMebBWTUNlNSdolQRebs=
github.com/go-webauthn/x v0.1.26/go.mod h1:jmf/phPV6oIsF6hmdVre+ovHkxjDOmNH0t6fekWUxvg=
github.com/goccy/go-json v0.10.3 h1:KZ5WoDbxAIgm2HNbYckL0se1fHD6rz5j4ywS6ebzDqA=
github.com/goccy/go-json v0.10.3/go.mod h1:oq7eo15ShAhp70Anwd5lgX2pLfOS3QCiwU/PULtXL6M=
github.com/golang-jwt/jwt/v5 v5.3.0 h1:pv4AsKCKKZuqlgs5sUmn4x8UlGa0kEVt/puTpKx9vvo=
github.com/golang-jwt/jwt/v5 v5.3.0/go.mod h1:fxCRLWMO43lRc8nhHWY6LGqRcf+1gQWArsqaEUEa5bE=
github.com/golang/freetype v0.0.0-20170609003504-e2365dfdc4a0 h1:DACJavvAHhabrF08vX0COfcOBJRhZ8lUbR+ZWIs0Y5g=
github.com/golang/freetype v0.0.0-20170609003504-e2365dfdc4a0/go.mod h1:E/TSTwGwJL78qG/PmXZO1EjYhfJinVAhrmmHX6Z8B9k=
github.com/google/go-cmp v0.7.0 h1:wk8382ETsv4JYUZwIsn6YpYiWiBsYLSJiTsyBybVuN8=
github.com/google/go-cmp v0.7.0/go.mod h1:pXiqmnSA92OHEEa9HXL2W4E7lf9JzCmGVUdgjX3N/iU=
github.com/google/go-tpm v0.9.6 h1:Ku42PT4LmjDu1H5C5ISWLlpI1mj+Zq7sPGKoRw2XROA=
github.com/google/go-tpm v0.9.6/go.mod h1:h9jEsEECg7gtLis0upRBQU+GhYVH6jMjrFxI8u6bVUY=
github.com/google/gofuzz v1.0.0/go.mod h1:dBl0BpW6vV/+mYPU4Po3pmUjxk6FQPldtuIdl/M65Eg=
github.com/google/pprof v0.0.0-20250317173921-a4b03ec1a45e h1:ijClszYn+mADRFY17kjQEVQ1XRhq2/JR1M3sGqeJoxs=
github.com/google/pprof v0.0.0-20250317173921-a4b03ec1a45e/go.mod h1:boTsfXsheKC2y+lKOCMpSfarhxDeIzfZG1jqGcPl3cA=
github.com/google/uuid v1.6.0 h1:NIvaJDMOsjHA8n1jAhLSgzrAzy1Hgr+hNrb57e+94F0=
github.com/google/uuid v1.6.0/go.mod h1:TIyPZe4MgqvfeYDBFedMoGGpEw/LqOeaOT+nhxU+yHo=
github.com/gorilla/websocket v1.5.3 h1:saDtZ6Pbx/0u+bgYQ3q96pZgCzfhKXGPqt7kZ72aNNg=
github.com/gorilla/websocket v1.5.3/go.mod h1:YR8l580nyteQvAITg2hZ9XVh4b55+EU/adAjf1fMHhE=
github.com/hashicorp/hcl v1.0.0 h1:0Anlzjpi4vEasTeNFn2mLJgTSwt0+6sfsiTG8qcWGx4=
github.com/hashicorp/hcl v1.0.0/go.mod h1:E5yfLk+7swimpb2L/Alb/PJmXilQ/rhwaUYs4T20WEQ=
github.com/inconshreveable/mousetrap v1.1.0 h1:wN+x4NVGpMsO7ErUn/mUI3vEoE6Jt13X2s0bqwp9tc8=
github.com/inconshreveable/mousetrap v1.1.0/go.mod h1:vpF70FUmC8bwa3OWnCshd2FqLfsEA9PFc4w1p2J65bw=
github.com/jinzhu/copier v0.4.0 h1:w3ciUoD19shMCRargcpm0cm91ytaBhDvuRpz1ODO/U8=
github.com/jinzhu/copier v0.4.0/go.mod h1:DfbEm0FYsaqBcKcFuvmOZb218JkPGtvSHsKg8S8hyyg=
github.com/jinzhu/inflection v1.0.0 h1:K317FqzuhWc8YvSVlFMCCUb36O/S9MCKRDI7QkRKD/E=
github.com/jinzhu/inflection v1.0.0/go.mod h1:h+uFLlag+Qp1Va5pdKtLDYj+kHp5pxUVkryuEj+Srlc=
github.com/jinzhu/now v1.1.5 h1:/o9tlHleP7gOFmsnYNz3RGnqzefHA47wQpKrrdTIwXQ=
github.com/jinzhu/now v1.1.5/go.mod h1:d3SSVoowX0Lcu0IBviAWJpolVfI5UJVZZ7cO71lE/z8=
github.com/josharian/intern v1.0.0 h1:vlS4z54oSdjm0bgjRigI+G1HpF+tI+9rE5LLzOg8HmY=
github.com/josharian/intern v1.0.0/go.mod h1:5DoeVV0s6jJacbCEi61lwdGj/aVlrQvzHFFd8Hwg//Y=
github.com/json-iterator/go v1.1.12 h1:PV8peI4a0ysnczrg+LtxykD8LfKY9ML6u2jnxaEnrnM=
github.com/json-iterator/go v1.1.12/go.mod h1:e30LSqwooZae/UwlEbR2852Gd8hjQvJoHmT4TnhNGBo=
github.com/klauspost/cpuid/v2 v2.0.9/go.mod h1:FInQzS24/EEf25PyTYn52gqo7WaD8xa0213Md/qVLRg=
github.com/klauspost/cpuid/v2 v2.2.8 h1:+StwCXwm9PdpiEkPyzBXIy+M9KUb4ODm0Zarf1kS5BM=
github.com/klauspost/cpuid/v2 v2.2.8/go.mod h1:Lcz8mBdAVJIBVzewtcLocK12l3Y+JytZYpaMropDUws=
github.com/knz/go-libedit v1.10.1/go.mod h1:MZTVkCWyz0oBc7JOWP3wNAzd002ZbM/5hgShxwh4x8M=
github.com/kr/fs v0.1.0 h1:Jskdu9ieNAYnjxsi0LbQp1ulIKZV1LAFgK1tWhpZgl8=
github.com/kr/fs v0.1.0/go.mod h1:FFnZGqtBN9Gxj7eW1uZ42v5BccTP0vu6NEaFoC2HwRg=
github.com/kr/pretty v0.1.0/go.mod h1:dAy3ld7l9f0ibDNOQOHHMYYIIbhfbHSm3C4ZsoJORNo=
github.com/kr/pretty v0.2.1/go.mod h1:ipq/a2n7PKx3OHsz4KJII5eveXtPO4qwEXGdVfWzfnI=
github.com/kr/pretty v0.3.1 h1:flRD4NNwYAUpkphVc1HcthR4KEIFJ65n8Mw5qdRn3LE=
github.com/kr/pretty v0.3.1/go.mod h1:hoEshYVHaxMs3cyo3Yncou5ZscifuDolrwPKZanG3xk=
github.com/kr/pty v1.1.1/go.mod h1:pFQYn66WHrOpPYNljwOMqo10TkYh1fy3cYio2l3bCsQ=
github.com/kr/text v0.1.0/go.mod h1:4Jbv+DJW3UT/LiOwJeYQe1efqtUx/iVham/4vfdArNI=
github.com/kr/text v0.2.0 h1:5Nx0Ya0ZqY2ygV366QzturHI13Jq95ApcVaJBhpS+AY=
github.com/kr/text v0.2.0/go.mod h1:eLer722TekiGuMkidMxC/pM04lWEeraHUUmBw8l2grE=
github.com/leodido/go-urn v1.4.0 h1:WT9HwE9SGECu3lg4d/dIA+jxlljEa1/ffXKmRjqdmIQ=
github.com/leodido/go-urn v1.4.0/go.mod h1:bvxc+MVxLKB4z00jd1z+Dvzr47oO32F/QSNjSBOlFxI=
github.com/magiconair/properties v1.8.7 h1:IeQXZAiQcpL9mgcAe1Nu6cX9LLw6ExEHKjN0VQdvPDY=
github.com/magiconair/properties v1.8.7/go.mod h1:Dhd985XPs7jluiymwWYZ0G4Z61jb3vdS329zhj2hYo0=
github.com/mailru/easyjson v0.0.0-20190614124828-94de47d64c63/go.mod h1:C1wdFJiN94OJF2b5HbByQZoLdCWB1Yqtg26g4irojpc=
github.com/mailru/easyjson v0.0.0-20190626092158-b2ccc519800e/go.mod h1:C1wdFJiN94OJF2b5HbByQZoLdCWB1Yqtg26g4irojpc=
github.com/mailru/easyjson v0.7.6 h1:8yTIVnZgCoiM1TgqoeTl+LfU5Jg6/xL3QhGQnimLYnA=
github.com/mailru/easyjson v0.7.6/go.mod h1:xzfreul335JAWq5oZzymOObrkdz5UnU4kGfJJLY9Nlc=
github.com/mattn/go-isatty v0.0.20 h1:xfD0iDuEKnDkl03q4limB+vH+GxLEtL/jb4xVJSWWEY=
github.com/mattn/go-isatty v0.0.20/go.mod h1:W+V8PltTTMOvKvAeJH7IuucS94S2C6jfK/D7dTCTo3Y=
github.com/mitchellh/mapstructure v1.5.0 h1:jeMsZIYE/09sWLaz43PL7Gy6RuMjD2eJVyuac5Z2hdY=
github.com/mitchellh/mapstructure v1.5.0/go.mod h1:bFUtVrKA4DC2yAKiSyO/QUcy7e+RRV2QTWOzhPopBRo=
github.com/modern-go/concurrent v0.0.0-20180228061459-e0a39a4cb421/go.mod h1:6dJC0mAP4ikYIbvyc7fijjWJddQyLn8Ig3JB5CqoB9Q=
github.com/modern-go/concurrent v0.0.0-20180306012644-bacd9c7ef1dd h1:TRLaZ9cD/w8PVh93nsPXa1VrQ6jlwL5oN8l14QlcNfg=
github.com/modern-go/concurrent v0.0.0-20180306012644-bacd9c7ef1dd/go.mod h1:6dJC0mAP4ikYIbvyc7fijjWJddQyLn8Ig3JB5CqoB9Q=
github.com/modern-go/reflect2 v1.0.2 h1:xBagoLtFs94CBntxluKeaWgTMpvLxC4ur3nMaC9Gz0M=
github.com/modern-go/reflect2 v1.0.2/go.mod h1:yWuevngMOJpCy52FWWMvUC8ws7m/LJsjYzDa0/r8luk=
github.com/ncruces/go-strftime v0.1.9 h1:bY0MQC28UADQmHmaF5dgpLmImcShSi2kHU9XLdhx/f4=
github.com/ncruces/go-strftime v0.1.9/go.mod h1:Fwc5htZGVVkseilnfgOVb9mKy6w1naJmn9CehxcKcls=
github.com/nicksnyder/go-i18n/v2 v2.4.0 h1:3IcvPOAvnCKwNm0TB0dLDTuawWEj+ax/RERNC+diLMM=
github.com/nicksnyder/go-i18n/v2 v2.4.0/go.mod h1:nxYSZE9M0bf3Y70gPQjN9ha7XNHX7gMc814+6wVyEI4=
github.com/niemeyer/pretty v0.0.0-20200227124842-a10e7caefd8e/go.mod h1:zD1mROLANZcx1PVRCS0qkT7pwLkGfwJo4zjcN/Tysno=
github.com/oschwald/maxminddb-golang v1.13.1 h1:G3wwjdN9JmIK2o/ermkHM+98oX5fS+k5MbwsmL4MRQE=
github.com/oschwald/maxminddb-golang v1.13.1/go.mod h1:K4pgV9N/GcK694KSTmVSDTODk4IsCNThNdTmnaBZ/F8=
github.com/patrickmn/go-cache v2.1.0+incompatible h1:HRMgzkcYKYpi3C8ajMPV8OFXaaRUnok+kx1WdO15EQc=
github.com/patrickmn/go-cache v2.1.0+incompatible/go.mod h1:3Qf8kWWT7OJRJbdiICTKqZju1ZixQ/KpMGzzAfe6+WQ=
github.com/pelletier/go-toml/v2 v2.2.2 h1:aYUidT7k73Pcl9nb2gScu7NSrKCSHIDE89b3+6Wq+LM=
github.com/pelletier/go-toml/v2 v2.2.2/go.mod h1:1t835xjRzz80PqgE6HHgN2JOsmgYu/h4qDAS4n929Rs=
github.com/pkg/errors v0.9.1 h1:FEBLx1zS214owpjy7qsBeixbURkuhQAwrK5UwLGTwt4=
github.com/pkg/errors v0.9.1/go.mod h1:bwawxfHBFNV+L2hUp1rHADufV3IMtnDRdf1r5NINEl0=
github.com/pkg/sftp v1.13.6 h1:JFZT4XbOU7l77xGSpOdW+pwIMqP044IyjXX6FGyEKFo=
github.com/pkg/sftp v1.13.6/go.mod h1:tz1ryNURKu77RL+GuCzmoJYxQczL3wLNNpPWagdg4Qk=
github.com/pmezard/go-difflib v1.0.0/go.mod h1:iKH77koFhYxTK1pcRnkKkqfTogsbg7gZNVY4sRDYZ/4=
github.com/pmezard/go-difflib v1.0.1-0.20181226105442-5d4384ee4fb2 h1:Jamvg5psRIccs7FGNTlIRMkT8wgtp5eCXdBlqhYGL6U=
github.com/pmezard/go-difflib v1.0.1-0.20181226105442-5d4384ee4fb2/go.mod h1:iKH77koFhYxTK1pcRnkKkqfTogsbg7gZNVY4sRDYZ/4=
github.com/remyoudompheng/bigfft v0.0.0-20230129092748-24d4a6f8daec h1:W09IVJc94icq4NjY3clb7Lk8O1qJ8BdBEF8z0ibU0rE=
github.com/remyoudompheng/bigfft v0.0.0-20230129092748-24d4a6f8daec/go.mod h1:qqbHyh8v60DhA7CoWK5oRCqLrMHRGoxYCSS9EjAz6Eo=
github.com/robfig/cron/v3 v3.0.1 h1:WdRxkvbJztn8LMz/QEvLN5sBU+xKpSqwwUO1Pjr4qDs=
github.com/robfig/cron/v3 v3.0.1/go.mod h1:eQICP3HwyT7UooqI/z+Ov+PtYAWygg1TEWWzGIFLtro=
github.com/rogpeppe/go-internal v1.9.0 h1:73kH8U+JUqXU8lRuOHeVHaa/SZPifC7BkcraZVejAe8=
github.com/rogpeppe/go-internal v1.9.0/go.mod h1:WtVeX8xhTBvf0smdhujwtBcq4Qrzq/fJaraNFVN+nFs=
github.com/russross/blackfriday/v2 v2.1.0/go.mod h1:+Rmxgy9KzJVeS9/2gXHxylqXiyQDYRxCVz55jmeOWTM=
github.com/sagikazarmark/locafero v0.4.0 h1:HApY1R9zGo4DBgr7dqsTH/JJxLTTsOt7u6keLGt6kNQ=
github.com/sagikazarmark/locafero v0.4.0/go.mod h1:Pe1W6UlPYUk/+wc/6KFhbORCfqzgYEpgQ3O5fPuL3H4=
github.com/sagikazarmark/slog-shim v0.1.0 h1:diDBnUNK9N/354PgrxMywXnAwEr1QZcOr6gto+ugjYE=
github.com/sagikazarmark/slog-shim v0.1.0/go.mod h1:SrcSrq8aKtyuqEI1uvTDTK1arOWRIczQRv+GVI1AkeQ=
github.com/sirupsen/logrus v1.9.3 h1:dueUQJ1C2q9oE3F7wvmSGAaVtTmUizReu6fjN8uqzbQ=
github.com/sirupsen/logrus v1.9.3/go.mod h1:naHLuLoDiP4jHNo9R0sCBMtWGeIprob74mVsIT4qYEQ=
github.com/skip2/go-qrcode v0.0.0-20200617195104-da1b6568686e h1:MRM5ITcdelLK2j1vwZ3Je0FKVCfqOLp5zO6trqMLYs0=
github.com/skip2/go-qrcode v0.0.0-20200617195104-da1b6568686e/go.mod h1:XV66xRDqSt+GTGFMVlhk3ULuV0y9ZmzeVGR4mloJI3M=
github.com/soheilhy/cmux v0.1.5 h1:jjzc5WVemNEDTLwv9tlmemhC73tI08BNOIGwBOo10Js=
github.com/soheilhy/cmux v0.1.5/go.mod h1:T7TcVDs9LWfQgPlPsdngu6I6QIoyIFZDDC6sNE1GqG0=
github.com/sourcegraph/conc v0.3.0 h1:OQTbbt6P72L20UqAkXXuLOj79LfEanQ+YQFNpLA9ySo=
github.com/sourcegraph/conc v0.3.0/go.mod h1:Sdozi7LEKbFPqYX2/J+iBAM6HpqSLTASQIKqDmF7Mt0=
github.com/spf13/afero v1.11.0 h1:WJQKhtpdm3v2IzqG8VMqrr6Rf3UYpEF239Jy9wNepM8=
github.com/spf13/afero v1.11.0/go.mod h1:GH9Y3pIexgf1MTIWtNGyogA5MwRIDXGUr+hbWNoBjkY=
github.com/spf13/cast v1.6.0 h1:GEiTHELF+vaR5dhz3VqZfFSzZjYbgeKDpBxQVS4GYJ0=
github.com/spf13/cast v1.6.0/go.mod h1:ancEpBxwJDODSW/UG4rDrAqiKolqNNh2DX3mk86cAdo=
github.com/spf13/cobra v1.8.1 h1:e5/vxKd/rZsfSJMUX1agtjeTDf+qv1/JdBF8gg5k9ZM=
github.com/spf13/cobra v1.8.1/go.mod h1:wHxEcudfqmLYa8iTfL+OuZPbBZkmvliBWKIezN3kD9Y=
github.com/spf13/pflag v1.0.5 h1:iy+VFUOCP1a+8yFto/drg2CJ5u0yRoB7fZw3DKv/JXA=
github.com/spf13/pflag v1.0.5/go.mod h1:McXfInJRrz4CZXVZOBLb0bTZqETkiAhM9Iw0y3An2Bg=
github.com/spf13/viper v1.19.0 h1:RWq5SEjt8o25SROyN3z2OrDB9l7RPd3lwTWU8EcEdcI=
github.com/spf13/viper v1.19.0/go.mod h1:GQUN9bilAbhU/jgc1bKs99f/suXKeUMct8Adx5+Ntkg=
github.com/stretchr/objx v0.1.0/go.mod h1:HFkY916IF+rwdDfMAkV7OtwuqBVzrE8GR6GFx+wExME=
github.com/stretchr/objx v0.4.0/go.mod h1:YvHI0jy2hoMjB+UWwv71VJQ9isScKT/TqJzVSSt89Yw=
github.com/stretchr/objx v0.5.0/go.mod h1:Yh+to48EsGEfYuaHDzXPcE3xhTkx73EhmCGUpEOglKo=
github.com/stretchr/objx v0.5.2/go.mod h1:FRsXN1f5AsAjCGJKqEizvkpNtU+EGNCLh3NxZ/8L+MA=
github.com/stretchr/testify v1.3.0/go.mod h1:M5WIy9Dh21IEIfnGCwXGc5bZfKNJtfHm1UVUgZn+9EI=
github.com/stretchr/testify v1.6.1/go.mod h1:6Fq8oRcR53rry900zMqJjRRixrwX3KX962/h/Wwjteg=
github.com/stretchr/testify v1.7.0/go.mod h1:6Fq8oRcR53rry900zMqJjRRixrwX3KX962/h/Wwjteg=
github.com/stretchr/testify v1.7.1/go.mod h1:6Fq8oRcR53rry900zMqJjRRixrwX3KX962/h/Wwjteg=
github.com/stretchr/testify v1.8.0/go.mod h1:yNjHg4UonilssWZ8iaSj1OCr/vHnekPRkoO+kdMU+MU=
github.com/stretchr/testify v1.8.1/go.mod h1:w2LPCIKwWwSfY2zedu0+kehJoqGctiVI29o6fzry7u4=
github.com/stretchr/testify v1.8.4/go.mod h1:sz/lmYIOXD/1dqDmKjjqLyZ2RngseejIcXlSw2iwfAo=
github.com/stretchr/testify v1.9.0/go.mod h1:r2ic/lqez/lEtzL7wO/rwa5dbSLXVDPFyf8C91i36aY=
github.com/stretchr/testify v1.11.1 h1:7s2iGBzp5EwR7/aIZr8ao5+dra3wiQyKjjFuvgVKu7U=
github.com/stretchr/testify v1.11.1/go.mod h1:wZwfW3scLgRK+23gO65QZefKpKQRnfz6sD981Nm4B6U=
github.com/subosito/gotenv v1.6.0 h1:9NlTDc1FTs4qu0DDq7AEtTPNw6SVm7uBMsUCUjABIf8=
github.com/subosito/gotenv v1.6.0/go.mod h1:Dk4QP5c2W3ibzajGcXpNraDfq2IrhjMIvMSWPKKo0FU=
github.com/swaggo/files/v2 v2.0.2 h1:Bq4tgS/yxLB/3nwOMcul5oLEUKa877Ykgz3CJMVbQKU=
github.com/swaggo/files/v2 v2.0.2/go.mod h1:TVqetIzZsO9OhHX1Am9sRf9LdrFZqoK49N37KON/jr0=
github.com/swaggo/swag v1.16.3 h1:PnCYjPCah8FK4I26l2F/KQ4yz3sILcVUN3cTlBFA9Pg=
github.com/swaggo/swag v1.16.3/go.mod h1:DImHIuOFXKpMFAQjcC7FG4m3Dg4+QuUgUzJmKjI/gRk=
github.com/twitchyliquid64/golang-asm v0.15.1 h1:SU5vSMR7hnwNxj24w34ZyCi/FmDZTkS4MhqMhdFk5YI=
github.com/twitchyliquid64/golang-asm v0.15.1/go.mod h1:a1lVb/DtPvCB8fslRZhAngC2+aY1QWCk3Cedj/Gdt08=
github.com/ugorji/go/codec v1.2.12 h1:9LC83zGrHhuUA9l16C9AHXAqEV/2wBQ4nkvumAE65EE=
github.com/ugorji/go/codec v1.2.12/go.mod h1:UNopzCgEMSXjBc6AOMqYvWC1ktqTAfzJZUZgYf6w6lg=
github.com/x448/float16 v0.8.4 h1:qLwI1I70+NjRFUR3zs1JPUCgaCXSh3SW62uAKT1mSBM=
github.com/x448/float16 v0.8.4/go.mod h1:14CWIYCyZA/cWjXOioeEpHeN/83MdbZDRQHoFcYsOfg=
github.com/xlzd/gotp v0.1.0 h1:37blvlKCh38s+fkem+fFh7sMnceltoIEBYTVXyoa5Po=
github.com/xlzd/gotp v0.1.0/go.mod h1:ndLJ3JKzi3xLmUProq4LLxCuECL93dG9WASNLpHz8qg=
github.com/yuin/goldmark v1.4.13/go.mod h1:6yULJ656Px+3vBD8DxQVa3kxgyrAnzto9xy5taEt/CY=
go.uber.org/atomic v1.9.0 h1:ECmE8Bn/WFTYwEW/bpKD3M8VtR/zQVbavAoalC1PYyE=
go.uber.org/atomic v1.9.0/go.mod h1:fEN4uk6kAWBTFdckzkM89CLk9XfWZrxpCo0nPH17wJc=
go.uber.org/mock v0.6.0 h1:hyF9dfmbgIX5EfOdasqLsWD6xqpNZlXblLB/Dbnwv3Y=
go.uber.org/mock v0.6.0/go.mod h1:KiVJ4BqZJaMj4svdfmHM0AUx4NJYO8ZNpPnZn1Z+BBU=
go.uber.org/multierr v1.9.0 h1:7fIwc/ZtS0q++VgcfqFDxSBZVv/Xo49/SYnDFupUwlI=
go.uber.org/multierr v1.9.0/go.mod h1:X2jQV1h+kxSjClGpnseKVIxpmcjrj7MNnI0bnlfKTVQ=
golang.org/x/arch v0.0.0-20210923205945-b76863e36670/go.mod h1:5om86z9Hs0C8fWVUuoMHwpExlXzs5Tkyp9hOrfG7pp8=
golang.org/x/arch v0.8.0 h1:3wRIsP3pM4yUptoR96otTUOXI367OS0+c9eeRi9doIc=
golang.org/x/arch v0.8.0/go.mod h1:FEVrYAQjsQXMVJ1nsMoVVXPZg6p2JE2mx8psSWTDQys=
golang.org/x/crypto v0.0.0-20190308221718-c2843e01d9a2/go.mod h1:djNgcEr1/C05ACkg1iLfiJU5Ep61QUkGW8qpdssI0+w=
golang.org/x/crypto v0.0.0-20200622213623-75b288015ac9/go.mod h1:LzIPMQfyMNhhGPhUkYOs5KpL4U8rLKemX1yGLhDgUto=
golang.org/x/crypto v0.0.0-20210921155107-089bfa567519/go.mod h1:GvvjBRRGRdwPK5ydBHafDWAxML/pGHZbMvKqRZ5+Abc=
golang.org/x/crypto v0.1.0/go.mod h1:RecgLatLF4+eUMCP1PoPZQb+cVrJcOPbHkTkbkB9sbw=
golang.org/x/crypto v0.48.0 h1:/VRzVqiRSggnhY7gNRxPauEQ5Drw9haKdM0jqfcCFts=
golang.org/x/crypto v0.48.0/go.mod h1:r0kV5h3qnFPlQnBSrULhlsRfryS2pmewsg+XfMgkVos=
golang.org/x/exp v0.0.0-20250620022241-b7579e27df2b h1:M2rDM6z3Fhozi9O7NWsxAkg/yqS/lQJ6PmkyIV3YP+o=
golang.org/x/exp v0.0.0-20250620022241-b7579e27df2b/go.mod h1:3//PLf8L/X+8b4vuAfHzxeRUl04Adcb341+IGKfnqS8=
golang.org/x/image v0.38.0 h1:5l+q+Y9JDC7mBOMjo4/aPhMDcxEptsX+Tt3GgRQRPuE=
golang.org/x/image v0.38.0/go.mod h1:/3f6vaXC+6CEanU4KJxbcUZyEePbyKbaLoDOe4ehFYY=
golang.org/x/mod v0.6.0-dev.0.20220419223038-86c51ed26bb4/go.mod h1:jJ57K6gSWd91VN4djpZkiMVwK6gcyfeH4XE8wZrZaV4=
golang.org/x/mod v0.33.0 h1:tHFzIWbBifEmbwtGz65eaWyGiGZatSrT9prnU8DbVL8=
golang.org/x/mod v0.33.0/go.mod h1:swjeQEj+6r7fODbD2cqrnje9PnziFuw4bmLbBZFrQ5w=
golang.org/x/net v0.0.0-20190404232315-eb5bcb51f2a3/go.mod h1:t9HGtf8HONx5eT2rtn7q6eTqICYqUVnKs3thJo3Qplg=
golang.org/x/net v0.0.0-20190620200207-3b0461eec859/go.mod h1:z5CRVTTTmAJ677TzLLGU+0bjPO0LkuOLi4/5GtJWs/s=
golang.org/x/net v0.0.0-20201202161906-c7110b5ffcbb/go.mod h1:sp8m0HH+o8qH0wwXwYZr8TS3Oi6o0r6Gce1SSxlDquU=
golang.org/x/net v0.0.0-20210226172049-e18ecbb05110/go.mod h1:m0MpNAwzfU5UDzcl9v0D8zg8gWTRqZa9RBIspLL5mdg=
golang.org/x/net v0.0.0-20210421230115-4e50805a0758/go.mod h1:72T/g9IO56b78aLF+1Kcs5dz7/ng1VjMUvfKvpfy+jM=
golang.org/x/net v0.0.0-20220722155237-a158d28d115b/go.mod h1:XRhObCWvk6IyKnWLug+ECip1KBveYUHfp+8e9klMJ9c=
golang.org/x/net v0.1.0/go.mod h1:Cx3nUiGt4eDBEyega/BKRp+/AlGL8hYe7U9odMt2Cco=
golang.org/x/net v0.50.0 h1:ucWh9eiCGyDR3vtzso0WMQinm2Dnt8cFMuQa9K33J60=
golang.org/x/net v0.50.0/go.mod h1:UgoSli3F/pBgdJBHCTc+tp3gmrU4XswgGRgtnwWTfyM=
golang.org/x/sync v0.0.0-20190423024810-112230192c58/go.mod h1:RxMgew5VJxzue5/jJTE5uejpjVlOe/izrB70Jof72aM=
golang.org/x/sync v0.0.0-20220722155255-886fb9371eb4/go.mod h1:RxMgew5VJxzue5/jJTE5uejpjVlOe/izrB70Jof72aM=
golang.org/x/sync v0.20.0 h1:e0PTpb7pjO8GAtTs2dQ6jYa5BWYlMuX047Dco/pItO4=
golang.org/x/sync v0.20.0/go.mod h1:9xrNwdLfx4jkKbNva9FpL6vEN7evnE43NNNJQ2LF3+0=
golang.org/x/sys v0.0.0-20190215142949-d0b11bdaac8a/go.mod h1:STP8DvDyc/dI5b8T5hshtkjS+E42TnysNCUPdjciGhY=
golang.org/x/sys v0.0.0-20190412213103-97732733099d/go.mod h1:h1NjWce9XRLGQEsW7wpKNCjG9DtNlClVuFLEZdDNbEs=
golang.org/x/sys v0.0.0-20200930185726-fdedc70b468f/go.mod h1:h1NjWce9XRLGQEsW7wpKNCjG9DtNlClVuFLEZdDNbEs=
golang.org/x/sys v0.0.0-20201119102817-f84b799fce68/go.mod h1:h1NjWce9XRLGQEsW7wpKNCjG9DtNlClVuFLEZdDNbEs=
golang.org/x/sys v0.0.0-20210420072515-93ed5bcd2bfe/go.mod h1:h1NjWce9XRLGQEsW7wpKNCjG9DtNlClVuFLEZdDNbEs=
golang.org/x/sys v0.0.0-20210615035016-665e8c7367d1/go.mod h1:oPkhp1MJrh7nUepCBck5+mAzfO9JrbApNNgaTdGDITg=
golang.org/x/sys v0.0.0-20220520151302-bc2c85ada10a/go.mod h1:oPkhp1MJrh7nUepCBck5+mAzfO9JrbApNNgaTdGDITg=
golang.org/x/sys v0.0.0-20220715151400-c0bba94af5f8/go.mod h1:oPkhp1MJrh7nUepCBck5+mAzfO9JrbApNNgaTdGDITg=
golang.org/x/sys v0.0.0-20220722155257-8c9f86f7a55f/go.mod h1:oPkhp1MJrh7nUepCBck5+mAzfO9JrbApNNgaTdGDITg=
golang.org/x/sys v0.1.0/go.mod h1:oPkhp1MJrh7nUepCBck5+mAzfO9JrbApNNgaTdGDITg=
golang.org/x/sys v0.5.0/go.mod h1:oPkhp1MJrh7nUepCBck5+mAzfO9JrbApNNgaTdGDITg=
golang.org/x/sys v0.6.0/go.mod h1:oPkhp1MJrh7nUepCBck5+mAzfO9JrbApNNgaTdGDITg=
golang.org/x/sys v0.41.0 h1:Ivj+2Cp/ylzLiEU89QhWblYnOE9zerudt9Ftecq2C6k=
golang.org/x/sys v0.41.0/go.mod h1:OgkHotnGiDImocRcuBABYBEXf8A9a87e/uXjp9XT3ks=
golang.org/x/term v0.0.0-20201126162022-7de9c90e9dd1/go.mod h1:bj7SfCRtBDWHUb9snDiAeCFNEtKQo2Wmx5Cou7ajbmo=
golang.org/x/term v0.0.0-20210927222741-03fcf44c2211/go.mod h1:jbD1KX2456YbFQfuXm/mYQcufACuNUgVhRMnK/tPxf8=
golang.org/x/term v0.1.0/go.mod h1:jbD1KX2456YbFQfuXm/mYQcufACuNUgVhRMnK/tPxf8=
golang.org/x/term v0.40.0 h1:36e4zGLqU4yhjlmxEaagx2KuYbJq3EwY8K943ZsHcvg=
golang.org/x/term v0.40.0/go.mod h1:w2P8uVp06p2iyKKuvXIm7N/y0UCRt3UfJTfZ7oOpglM=
golang.org/x/text v0.3.0/go.mod h1:NqM8EUOU14njkJ3fqMW+pc6Ldnwhi/IjpwHt7yyuwOQ=
golang.org/x/text v0.3.3/go.mod h1:5Zoc/QRtKVWzQhOtBMvqHzDpF6irO9z98xDceosuGiQ=
golang.org/x/text v0.3.6/go.mod h1:5Zoc/QRtKVWzQhOtBMvqHzDpF6irO9z98xDceosuGiQ=
golang.org/x/text v0.3.7/go.mod h1:u+2+/6zg+i71rQMx5EYifcz6MCKuco9NR6JIITiCfzQ=
golang.org/x/text v0.4.0/go.mod h1:mrYo+phRRbMaCq/xk9113O4dZlRixOauAjOtrjsXDZ8=
golang.org/x/text v0.35.0 h1:JOVx6vVDFokkpaq1AEptVzLTpDe9KGpj5tR4/X+ybL8=
golang.org/x/text v0.35.0/go.mod h1:khi/HExzZJ2pGnjenulevKNX1W67CUy0AsXcNubPGCA=
golang.org/x/time v0.6.0 h1:eTDhh4ZXt5Qf0augr54TN6suAUudPcawVZeIAPU7D4U=
golang.org/x/time v0.6.0/go.mod h1:3BpzKBy/shNhVucY/MWOyx10tF3SFh9QdLuxbVysPQM=
golang.org/x/tools v0.0.0-20180917221912-90fa682c2a6e/go.mod h1:n7NCudcB/nEzxVGmLbDWY5pfWTLqBcC2KZ6jyYvM4mQ=
golang.org/x/tools v0.0.0-20191119224855-298f0cb1881e/go.mod h1:b+2E5dAYhXwXZwtnZ6UAqBI28+e2cm9otk0dWdXHAEo=
golang.org/x/tools v0.1.12/go.mod h1:hNGJHUnrk76NpqgfD5Aqm5Crs+Hm0VOH/i9J2+nxYbc=
golang.org/x/tools v0.42.0 h1:uNgphsn75Tdz5Ji2q36v/nsFSfR/9BRFvqhGBaJGd5k=
golang.org/x/tools v0.42.0/go.mod h1:Ma6lCIwGZvHK6XtgbswSoWroEkhugApmsXyrUmBhfr0=
golang.org/x/xerrors v0.0.0-20190717185122-a985d3407aa7/go.mod h1:I/5z698sn9Ka8TeJc9MKroUUfqBBauWjQqLJ2OPfmY0=
google.golang.org/protobuf v1.36.10 h1:AYd7cD/uASjIL6Q9LiTjz8JLcrh/88q5UObnmY3aOOE=
google.golang.org/protobuf v1.36.10/go.mod h1:HTf+CrKn2C3g5S8VImy6tdcUvCska2kB7j23XfzDpco=
gopkg.in/check.v1 v0.0.0-20161208181325-20d25e280405/go.mod h1:Co6ibVJAznAaIkqp8huTwlJQCZ016jof/cbN4VW5Yz0=
gopkg.in/check.v1 v1.0.0-20180628173108-788fd7840127/go.mod h1:Co6ibVJAznAaIkqp8huTwlJQCZ016jof/cbN4VW5Yz0=
gopkg.in/check.v1 v1.0.0-20200227125254-8fa46927fb4f/go.mod h1:Co6ibVJAznAaIkqp8huTwlJQCZ016jof/cbN4VW5Yz0=
gopkg.in/check.v1 v1.0.0-20201130134442-10cb98267c6c h1:Hei/4ADfdWqJk1ZMxUNpqntNwaWcugrBjAiHlqqRiVk=
gopkg.in/check.v1 v1.0.0-20201130134442-10cb98267c6c/go.mod h1:JHkPIbrfpd72SG/EVd6muEfDQjcINNoR0C8j2r3qZ4Q=
gopkg.in/ini.v1 v1.67.0 h1:Dgnx+6+nfE+IfzjUEISNeydPJh9AXNNsWbGP9KzCsOA=
gopkg.in/ini.v1 v1.67.0/go.mod h1:pNLf8WUiyNEtQjuu5G5vTm06TEv9tsIgeAvK8hOrP4k=
gopkg.in/yaml.v2 v2.2.2/go.mod h1:hI93XBmqTisBFMUTm0b8Fm+jr3Dg1NNxqwp+5A1VGuI=
gopkg.in/yaml.v2 v2.4.0 h1:D8xgwECY7CYvx+Y2n4sBz93Jn9JRvxdiyyo8CTfuKaY=
gopkg.in/yaml.v2 v2.4.0/go.mod h1:RDklbk79AGWmwhnvt/jBztapEOGDOx6ZbXqjP6csGnQ=
gopkg.in/yaml.v3 v3.0.0-20200313102051-9f266ea9e77c/go.mod h1:K4uyk7z7BCEPqu6E+C64Yfv1cQ7kz7rIZviUmN+EgEM=
gopkg.in/yaml.v3 v3.0.0-20200615113413-eeeca48fe776/go.mod h1:K4uyk7z7BCEPqu6E+C64Yfv1cQ7kz7rIZviUmN+EgEM=
gopkg.in/yaml.v3 v3.0.1 h1:fxVm/GzAzEWqLHuvctI91KS9hhNmmWOoWu0XTYJS7CA=
gopkg.in/yaml.v3 v3.0.1/go.mod h1:K4uyk7z7BCEPqu6E+C64Yfv1cQ7kz7rIZviUmN+EgEM=
gorm.io/gorm v1.30.0 h1:qbT5aPv1UH8gI99OsRlvDToLxW5zR7FzS9acZDOZcgs=
gorm.io/gorm v1.30.0/go.mod h1:8Z33v652h4//uMA76KjeDH8mJXPm1QNCYrMeatR0DOE=
modernc.org/cc/v4 v4.26.1 h1:+X5NtzVBn0KgsBCBe+xkDC7twLb/jNVj9FPgiwSQO3s=
modernc.org/cc/v4 v4.26.1/go.mod h1:uVtb5OGqUKpoLWhqwNQo/8LwvoiEBLvZXIQ/SmO6mL0=
modernc.org/ccgo/v4 v4.28.0 h1:rjznn6WWehKq7dG4JtLRKxb52Ecv8OUGah8+Z/SfpNU=
modernc.org/ccgo/v4 v4.28.0/go.mod h1:JygV3+9AV6SmPhDasu4JgquwU81XAKLd3OKTUDNOiKE=
modernc.org/fileutil v1.3.3 h1:3qaU+7f7xxTUmvU1pJTZiDLAIoJVdUSSauJNHg9yXoA=
modernc.org/fileutil v1.3.3/go.mod h1:HxmghZSZVAz/LXcMNwZPA/DRrQZEVP9VX0V4LQGQFOc=
modernc.org/gc/v2 v2.6.5 h1:nyqdV8q46KvTpZlsw66kWqwXRHdjIlJOhG6kxiV/9xI=
modernc.org/gc/v2 v2.6.5/go.mod h1:YgIahr1ypgfe7chRuJi2gD7DBQiKSLMPgBQe9oIiito=
modernc.org/goabi0 v0.0.3 h1:y81b9r3asCh6Xtse6Nz85aYGB0cG3M3U6222yap1KWI=
modernc.org/goabi0 v0.0.3/go.mod h1:CEFRnnJhKvWT1c1JTI3Avm+tgOWbkOu5oPA8eH8LnMI=
modernc.org/libc v1.66.1 h1:4uQsntXbVyAgrV+j6NhKvDiUypoJL48BWQx6sy9y8ok=
modernc.org/libc v1.66.1/go.mod h1:AiZxInURfEJx516LqEaFcrC+X38rt9G7+8ojIXQKHbo=
modernc.org/mathutil v1.7.1 h1:GCZVGXdaN8gTqB1Mf/usp1Y/hSqgI2vAGGP4jZMCxOU=
modernc.org/mathutil v1.7.1/go.mod h1:4p5IwJITfppl0G4sUEDtCr4DthTaT47/N3aT6MhfgJg=
modernc.org/memory v1.11.0 h1:o4QC8aMQzmcwCK3t3Ux/ZHmwFPzE6hf2Y5LbkRs+hbI=
modernc.org/memory v1.11.0/go.mod h1:/JP4VbVC+K5sU2wZi9bHoq2MAkCnrt2r98UGeSK7Mjw=
modernc.org/opt v0.1.4 h1:2kNGMRiUjrp4LcaPuLY2PzUfqM/w9N23quVwhKt5Qm8=
modernc.org/opt v0.1.4/go.mod h1:03fq9lsNfvkYSfxrfUhZCWPk1lm4cq4N+Bh//bEtgns=
modernc.org/sortutil v1.2.1 h1:+xyoGf15mM3NMlPDnFqrteY07klSFxLElE2PVuWIJ7w=
modernc.org/sortutil v1.2.1/go.mod h1:7ZI3a3REbai7gzCLcotuw9AC4VZVpYMjDzETGsSMqJE=
modernc.org/sqlite v1.38.0 h1:+4OrfPQ8pxHKuWG4md1JpR/EYAh3Md7TdejuuzE7EUI=
modernc.org/sqlite v1.38.0/go.mod h1:1Bj+yES4SVvBZ4cBOpVZ6QgesMCKpJZDq0nxYzOpmNE=
modernc.org/strutil v1.2.1 h1:UneZBkQA+DX2Rp35KcM69cSsNES9ly8mQWD71HKlOA0=
modernc.org/strutil v1.2.1/go.mod h1:EHkiggD70koQxjVdSBM3JKM7k6L0FbGE5eymy9i3B9A=
modernc.org/token v1.1.0 h1:Xl7Ap9dKaEs5kLoOQeQmPWevfnk/DM5qcLcYlA8ys6Y=
modernc.org/token v1.1.0/go.mod h1:UGzOrNV1mAFSEB63lOFHIpNRUVMvYTc6yu1SMY/XTDM=
nullprogram.com/x/optparse v1.0.0/go.mod h1:KdyPE+Igbe0jQUrVfMqDMeJQIJZEuyV7pjYmp6pbG50=
rsc.io/pdf v0.1.1/go.mod h1:n8OzWcQ6Sp37PL01nO98y4iUCRdTGarVfzxY20ICaU4=
